
Microsoft Visual Studio Solution File, Format Version 12.00
# Visual Studio 15
Project("{FAE04EC0-301F-11D3-BF4B-00C04F79EFBC}") = "Assembly-CSharp", "Assembly-CSharp.csproj", "{C105592E-00EF-79D1-9330-68BBAEB8FEED}"
EndProject
Global
	GlobalSection(SolutionConfigurationPlatforms) = preSolution
		Debug|Any CPU = Debug|Any CPU
		Release|Any CPU = Release|Any CPU
	EndGlobalSection
	GlobalSection(ProjectConfigurationPlatforms) = postSolution
		{C105592E-00EF-79D1-9330-68BBAEB8FEED}.Debug|Any CPU.ActiveCfg = Debug|Any CPU
		{C105592E-00EF-79D1-9330-68BBAEB8FEED}.Debug|Any CPU.Build.0 = Debug|Any CPU
		{C105592E-00EF-79D1-9330-68BBAEB8FEED}.Release|Any CPU.ActiveCfg = Release|Any CPU
		{C105592E-00EF-79D1-9330-68BBAEB8FEED}.Release|Any CPU.Build.0 = Release|Any CPU
	EndGlobalSection
	GlobalSection(SolutionProperties) = preSolution
		HideSolutionNode = FALSE
	EndGlobalSection
EndGlobal
